// !$*UTF8*$!
{
	archiveVersion = 1;
	classes = {
	};
	objectVersion = 77;
	objects = {

/* Begin PBXBuildFile section */
		485D4F672FCDDC3E0003CE6C /* MemoryCard.swift in Sources */ = {isa = PBXBuildFile; fileRef = 485D4F662FCDDC3E0003CE6C /* MemoryCard.swift */; };
		485D4F692FCDDC3E0003CE6C /* MemoryGame.swift in Sources */ = {isa = PBXBuildFile; fileRef = 485D4F682FCDDC3E0003CE6C /* MemoryGame.swift */; };
		485D4F6B2FCDDC3E0003CE6C /* README.md in Resources */ = {isa = PBXBuildFile; fileRef = 485D4F6A2FCDDC3E0003CE6C /* README.md */; };
		485D4F512FCDDC3D0003CE6C /* ICS3UCulminatingApp.swift in Sources */ = {isa = PBXBuildFile; fileRef = 485D4F502FCDDC3D0003CE6C /* ICS3UCulminatingApp.swift */; };
		485D4F532FCDDC3D0003CE6C /* Assets.xcassets in Resources */ = {isa = PBXBuildFile; fileRef = 485D4F522FCDDC3D0003CE6C /* Assets.xcassets */; };
		485D4F562FCDDC3D0003CE6C /* House.swift in Sources */ = {isa = PBXBuildFile; fileRef = 485D4F552FCDDC3D0003CE6C /* House.swift */; };
		485D4F592FCDDC3D0003CE6C /* HouseListViewModel.swift in Sources */ = {isa = PBXBuildFile; fileRef = 485D4F582FCDDC3D0003CE6C /* HouseListViewModel.swift */; };
		485D4F5C2FCDDC3D0003CE6C /* HousesListView.swift in Sources */ = {isa = PBXBuildFile; fileRef = 485D4F5B2FCDDC3D0003CE6C /* HousesListView.swift */; };
		485D4F5E2FCDDC3D0003CE6C /* HouseItemView.swift in Sources */ = {isa = PBXBuildFile; fileRef = 485D4F5D2FCDDC3D0003CE6C /* HouseItemView.swift */; };
		485D4F602FCDDC3D0003CE6C /* RELEASE.md in Resources */ = {isa = PBXBuildFile; fileRef = 485D4F5F2FCDDC3D0003CE6C /* RELEASE.md */; };
/* End PBXBuildFile section */

/* Begin PBXFileReference section */
		485D4F662FCDDC3E0003CE6C /* MemoryCard.swift */ = {isa = PBXFileReference; lastKnownFileType = sourcecode.swift; path = MemoryCard.swift; sourceTree = "<group>"; };
		485D4F682FCDDC3E0003CE6C /* MemoryGame.swift */ = {isa = PBXFileReference; lastKnownFileType = sourcecode.swift; path = MemoryGame.swift; sourceTree = "<group>"; };
		485D4F6A2FCDDC3E0003CE6C /* README.md */ = {isa = PBXFileReference; lastKnownFileType = net.daringfireball.markdown; path = README.md; sourceTree = "<group>"; };
		485D4F4D2FCDDC3D0003CE6C /* ICS3UCulminating.app */ = {isa = PBXFileReference; explicitFileType = wrapper.application; includeInIndex = 0; path = ICS3UCulminating.app; sourceTree = BUILT_PRODUCTS_DIR; };
		485D4F502FCDDC3D0003CE6C /* ICS3UCulminatingApp.swift */ = {isa = PBXFileReference; lastKnownFileType = sourcecode.swift; path = ICS3UCulminatingApp.swift; sourceTree = "<group>"; };
		485D4F522FCDDC3D0003CE6C /* Assets.xcassets */ = {isa = PBXFileReference; lastKnownFileType = folder.assetcatalog; path = Assets.xcassets; sourceTree = "<group>"; };
		485D4F552FCDDC3D0003CE6C /* House.swift */ = {isa = PBXFileReference; lastKnownFileType = sourcecode.swift; path = House.swift; sourceTree = "<group>"; };
		485D4F582FCDDC3D0003CE6C /* HouseListViewModel.swift */ = {isa = PBXFileReference; lastKnownFileType = sourcecode.swift; path = HouseListViewModel.swift; sourceTree = "<group>"; };
		485D4F5B2FCDDC3D0003CE6C /* HousesListView.swift */ = {isa = PBXFileReference; lastKnownFileType = sourcecode.swift; path = HousesListView.swift; sourceTree = "<group>"; };
		485D4F5D2FCDDC3D0003CE6C /* HouseItemView.swift */ = {isa = PBXFileReference; lastKnownFileType = sourcecode.swift; path = HouseItemView.swift; sourceTree = "<group>"; };
		485D4F5F2FCDDC3D0003CE6C /* RELEASE.md */ = {isa = PBXFileReference; lastKnownFileType = net.daringfireball.markdown; path = RELEASE.md; sourceTree = "<group>"; };
/* End PBXFileReference section */

/* Begin PBXFrameworksBuildPhase section */
		485D4F4A2FCDDC3D0003CE6C /* Frameworks */ = {
			isa = PBXFrameworksBuildPhase;
			buildActionMask = 2147483647;
			files = (
			);
			runOnlyForDeploymentPostprocessing = 0;
		};
/* End PBXFrameworksBuildPhase section */

/* Begin PBXGroup section */
		485D4F442FCDDC3D0003CE6C = {
			isa = PBXGroup;
			children = (
				485D4F4F2FCDDC3D0003CE6C /* ICS3UCulminating */,
				485D4F4E2FCDDC3D0003CE6C /* Products */,
			);
			sourceTree = "<group>";
		};
		485D4F4E2FCDDC3D0003CE6C /* Products */ = {
			isa = PBXGroup;
			children = (
				485D4F4D2FCDDC3D0003CE6C /* ICS3UCulminating.app */,
			);
			name = Products;
			sourceTree = "<group>";
		};
		485D4F4F2FCDDC3D0003CE6C /* ICS3UCulminating */ = {
			isa = PBXGroup;
			children = (
				485D4F6A2FCDDC3E0003CE6C /* README.md */,
				485D4F502FCDDC3D0003CE6C /* ICS3UCulminatingApp.swift */,
				485D4F522FCDDC3D0003CE6C /* Assets.xcassets */,
				485D4F5F2FCDDC3D0003CE6C /* RELEASE.md */,
				485D4F542FCDDC3D0003CE6C /* Model */,
				485D4F572FCDDC3D0003CE6C /* ViewModels */,
				485D4F5A2FCDDC3D0003CE6C /* Views */,
			);
			path = ICS3UCulminating;
			sourceTree = "<group>";
		};
		485D4F542FCDDC3D0003CE6C /* Model */ = {
			isa = PBXGroup;
			children = (
				485D4F662FCDDC3E0003CE6C /* MemoryCard.swift */,
				485D4F552FCDDC3D0003CE6C /* House.swift */,
			);
			path = Model;
			sourceTree = "<group>";
		};
		485D4F572FCDDC3D0003CE6C /* ViewModels */ = {
			isa = PBXGroup;
			children = (
				485D4F682FCDDC3E0003CE6C /* MemoryGame.swift */,
				485D4F582FCDDC3D0003CE6C /* HouseListViewModel.swift */,
			);
			path = ViewModels;
			sourceTree = "<group>";
		};
		485D4F5A2FCDDC3D0003CE6C /* Views */ = {
			isa = PBXGroup;
			children = (
				485D4F5B2FCDDC3D0003CE6C /* HousesListView.swift */,
				485D4F5D2FCDDC3D0003CE6C /* HouseItemView.swift */,
			);
			path = Views;
			sourceTree = "<group>";
		};
/* End PBXGroup section */

/* Begin PBXNativeTarget section */
		485D4F4C2FCDDC3D0003CE6C /* ICS3UCulminating */ = {
			isa = PBXNativeTarget;
			buildConfigurationList = 485D4F612FCDDC3D0003CE6C /* Build configuration list for PBXNativeTarget "ICS3UCulminating" */;
			buildPhases = (
				485D4F492FCDDC3D0003CE6C /* Sources */,
				485D4F4A2FCDDC3D0003CE6C /* Frameworks */,
				485D4F4B2FCDDC3D0003CE6C /* Resources */,
			);
			buildRules = (
			);
			dependencies = (
			);
			name = ICS3UCulminating;
			packageProductDependencies = (
			);
			productName = ICS3UCulminating;
			productReference = 485D4F4D2FCDDC3D0003CE6C /* ICS3UCulminating.app */;
			productType = "com.apple.product-type.application";
		};
/* End PBXNativeTarget section */

/* Begin PBXProject section */
		485D4F452FCDDC3D0003CE6C /* Project object */ = {
			isa = PBXProject;
			attributes = {
				BuildIndependentTargetsInParallel = 1;
				LastSwiftUpdateCheck = 2640;
				LastUpgradeCheck = 2640;
				TargetAttributes = {
					485D4F4C2FCDDC3D0003CE6C = {
						CreatedOnToolsVersion = 26.4.1;
					};
				};
			};
			buildConfigurationList = 485D4F482FCDDC3D0003CE6C /* Build configuration list for PBXProject "ICS3UCulminating" */;
			developmentRegion = en;
			hasScannedForEncodings = 0;
			knownRegions = (
				en,
				Base,
			);
			mainGroup = 485D4F442FCDDC3D0003CE6C;
			minimizedProjectReferenceProxies = 1;
			preferredProjectObjectVersion = 77;
			productRefGroup = 485D4F4E2FCDDC3D0003CE6C /* Products */;
			projectDirPath = "";
			projectRoot = "";
			targets = (
				485D4F4C2FCDDC3D0003CE6C /* ICS3UCulminating */,
			);
		};
/* End PBXProject section */

/* Begin PBXResourcesBuildPhase section */
		485D4F4B2FCDDC3D0003CE6C /* Resources */ = {
			isa = PBXResourcesBuildPhase;
			buildActionMask = 2147483647;
			files = (
				485D4F6B2FCDDC3E0003CE6C /* README.md in Resources */,
				485D4F602FCDDC3D0003CE6C /* RELEASE.md in Resources */,
				485D4F532FCDDC3D0003CE6C /* Assets.xcassets in Resources */,
			);
			runOnlyForDeploymentPostprocessing = 0;
		};
/* End PBXResourcesBuildPhase section */

/* Begin PBXSourcesBuildPhase section */
		485D4F492FCDDC3D0003CE6C /* Sources */ = {
			isa = PBXSourcesBuildPhase;
			buildActionMask = 2147483647;
			files = (
				485D4F692FCDDC3E0003CE6C /* MemoryGame.swift in Sources */,
				485D4F672FCDDC3E0003CE6C /* MemoryCard.swift in Sources */,
				485D4F5E2FCDDC3D0003CE6C /* HouseItemView.swift in Sources */,
				485D4F562FCDDC3D0003CE6C /* House.swift in Sources */,
				485D4F5C2FCDDC3D0003CE6C /* HousesListView.swift in Sources */,
				485D4F592FCDDC3D0003CE6C /* HouseListViewModel.swift in Sources */,
				485D4F512FCDDC3D0003CE6C /* ICS3UCulminatingApp.swift in Sources */,
			);
			runOnlyForDeploymentPostprocessing = 0;
		};
/* End PBXSourcesBuildPhase section */

/* Begin XCBuildConfiguration section */
		485D4F462FCDDC3D0003CE6C /* Debug */ = {
			isa = XCBuildConfiguration;
			buildSettings = {
				COPY_PHASE_STRIP = NO;
			};
			name = Debug;
		};
		485D4F472FCDDC3D0003CE6C /* Release */ = {
			isa = XCBuildConfiguration;
			buildSettings = {
				COPY_PHASE_STRIP = YES;
			};
			name = Release;
		};
		485D4F622FCDDC3D0003CE6C /* Debug */ = {
			isa = XCBuildConfiguration;
			buildSettings = {
				ALWAYS_SEARCH_USER_PATHS = NO;
				ASSETCATALOG_COMPILER_APPICON_NAME = AppIcon;
				ASSETCATALOG_COMPILER_GLOBAL_ACCENT_COLOR_NAME = AccentColor;
				CODE_SIGN_STYLE = Automatic;
				CURRENT_PROJECT_VERSION = 1;
				DEBUG_INFORMATION_FORMAT = dwarf;
				DEVELOPMENT_TEAM = 4UG443984D;
				ENABLE_PREVIEWS = YES;
				GENERATE_INFOPLIST_FILE = YES;
				INFOPLIST_KEY_UIApplicationSceneManifest_Generation = YES;
				INFOPLIST_KEY_UIApplicationSupportsIndirectInputEvents = YES;
				INFOPLIST_KEY_UILaunchScreen_Generation = YES;
				INFOPLIST_KEY_UISupportedInterfaceOrientations_iPad = "UIInterfaceOrientationPortrait UIInterfaceOrientationPortraitUpsideDown UIInterfaceOrientationLandscapeLeft UIInterfaceOrientationLandscapeRight";
				INFOPLIST_KEY_UISupportedInterfaceOrientations_iPhone = "UIInterfaceOrientationPortrait UIInterfaceOrientationLandscapeLeft UIInterfaceOrientationLandscapeRight";
				IPHONEOS_DEPLOYMENT_TARGET = 26.4;
				MARKETING_VERSION = 1.0;
				PRODUCT_BUNDLE_IDENTIFIER = ca.on.lcs.ICS3UCulminating;
				PRODUCT_NAME = "$(TARGET_NAME)";
				SDKROOT = iphoneos;
				STRING_CATALOG_GENERATE_SYMBOLS = YES;
				SWIFT_APPROACHABLE_CONCURRENCY = YES;
				SWIFT_DEFAULT_ACTOR_ISOLATION = MainActor;
				SWIFT_EMIT_LOC_STRINGS = YES;
				SWIFT_OPTIMIZATION_LEVEL = "-Onone";
				SWIFT_UPCOMING_FEATURE_MEMBER_IMPORT_VISIBILITY = YES;
				SWIFT_VERSION = 5.0;
				TARGETED_DEVICE_FAMILY = "1,2";
			};
			name = Debug;
		};
		485D4F632FCDDC3D0003CE6C /* Release */ = {
			isa = XCBuildConfiguration;
			buildSettings = {
				ALWAYS_SEARCH_USER_PATHS = NO;
				ASSETCATALOG_COMPILER_APPICON_NAME = AppIcon;
				ASSETCATALOG_COMPILER_GLOBAL_ACCENT_COLOR_NAME = AccentColor;
				CODE_SIGN_STYLE = Automatic;
				CURRENT_PROJECT_VERSION = 1;
				DEBUG_INFORMATION_FORMAT = dwarf;
				DEVELOPMENT_TEAM = 4UG443984D;
				ENABLE_PREVIEWS = YES;
				GENERATE_INFOPLIST_FILE = YES;
				INFOPLIST_KEY_UIApplicationSceneManifest_Generation = YES;
				INFOPLIST_KEY_UIApplicationSupportsIndirectInputEvents = YES;
				INFOPLIST_KEY_UILaunchScreen_Generation = YES;
				INFOPLIST_KEY_UISupportedInterfaceOrientations_iPad = "UIInterfaceOrientationPortrait UIInterfaceOrientationPortraitUpsideDown UIInterfaceOrientationLandscapeLeft UIInterfaceOrientationLandscapeRight";
				INFOPLIST_KEY_UISupportedInterfaceOrientations_iPhone = "UIInterfaceOrientationPortrait UIInterfaceOrientationLandscapeLeft UIInterfaceOrientationLandscapeRight";
				IPHONEOS_DEPLOYMENT_TARGET = 26.4;
				MARKETING_VERSION = 1.0;
				PRODUCT_BUNDLE_IDENTIFIER = ca.on.lcs.ICS3UCulminating;
				PRODUCT_NAME = "$(TARGET_NAME)";
				SDKROOT = iphoneos;
				STRING_CATALOG_GENERATE_SYMBOLS = YES;
				SWIFT_APPROACHABLE_CONCURRENCY = YES;
				SWIFT_DEFAULT_ACTOR_ISOLATION = MainActor;
				SWIFT_EMIT_LOC_STRINGS = YES;
				SWIFT_OPTIMIZATION_LEVEL = "-Onone";
				SWIFT_UPCOMING_FEATURE_MEMBER_IMPORT_VISIBILITY = YES;
				SWIFT_VERSION = 5.0;
				TARGETED_DEVICE_FAMILY = "1,2";
			};
			name = Release;
		};
/* End XCBuildConfiguration section */

/* Begin XCConfigurationList section */
		485D4F482FCDDC3D0003CE6C /* Build configuration list for PBXProject "ICS3UCulminating" */ = {
			isa = XCConfigurationList;
			buildConfigurations = (
				485D4F462FCDDC3D0003CE6C /* Debug */,
				485D4F472FCDDC3D0003CE6C /* Release */,
			);
			defaultConfigurationIsVisible = 0;
			defaultConfigurationName = Release;
		};
		485D4F612FCDDC3D0003CE6C /* Build configuration list for PBXNativeTarget "ICS3UCulminating" */ = {
			isa = XCConfigurationList;
			buildConfigurations = (
				485D4F622FCDDC3D0003CE6C /* Debug */,
				485D4F632FCDDC3D0003CE6C /* Release */,
			);
			defaultConfigurationIsVisible = 0;
			defaultConfigurationName = Release;
		};
/* End XCConfigurationList section */
	};
	rootObject = 485D4F452FCDDC3D0003CE6C /* Project object */;
}
